
Microsoft Visual Studio Solution File, Format Version 12.00
# Visual Studio Version 17
VisualStudioVersion = 17.0.32112.339
MinimumVisualStudioVersion = 10.0.40219.1
Project("{FAE04EC0-301F-11D3-BF4B-00C04F79EFBC}") = "Tarea9", "Tarea9\Tarea9.csproj", "{E3C91D24-0604-404F-A9DF-70138201789C}"
EndProject
Global
	GlobalSection(SolutionConfigurationPlatforms) = preSolution
		Debug|Any CPU = Debug|Any CPU
		Release|Any CPU = Release|Any CPU
	EndGlobalSection
	GlobalSection(ProjectConfigurationPlatforms) = postSolution
		{E3C91D24-0604-404F-A9DF-70138201789C}.Debug|Any CPU.ActiveCfg = Debug|Any CPU
		{E3C91D24-0604-404F-A9DF-70138201789C}.Debug|Any CPU.Build.0 = Debug|Any CPU
		{E3C91D24-0604-404F-A9DF-70138201789C}.Release|Any CPU.ActiveCfg = Release|Any CPU
		{E3C91D24-0604-404F-A9DF-70138201789C}.Release|Any CPU.Build.0 = Release|Any CPU
	EndGlobalSection
	GlobalSection(SolutionProperties) = preSolution
		HideSolutionNode = FALSE
	EndGlobalSection
	GlobalSection(ExtensibilityGlobals) = postSolution
		SolutionGuid = {CD870502-F8CE-44B4-B30B-ACB54A9A50DC}
	EndGlobalSection
EndGlobal
